
Microsoft Visual Studio Solution File, Format Version 12.00
Project("{FAE04EC0-301F-11D3-BF4B-00C04F79EFBC}") = "KenexarGlobalBot", "KenexarGlobalBot\KenexarGlobalBot.csproj", "{60DFB608-2C67-4B2F-A1EE-B378A5388D03}"
EndProject
Global
	GlobalSection(SolutionConfigurationPlatforms) = preSolution
		Debug|Any CPU = Debug|Any CPU
		Release|Any CPU = Release|Any CPU
	EndGlobalSection
	GlobalSection(ProjectConfigurationPlatforms) = postSolution
		{60DFB608-2C67-4B2F-A1EE-B378A5388D03}.Debug|Any CPU.ActiveCfg = Debug|Any CPU
		{60DFB608-2C67-4B2F-A1EE-B378A5388D03}.Debug|Any CPU.Build.0 = Debug|Any CPU
		{60DFB608-2C67-4B2F-A1EE-B378A5388D03}.Release|Any CPU.ActiveCfg = Release|Any CPU
		{60DFB608-2C67-4B2F-A1EE-B378A5388D03}.Release|Any CPU.Build.0 = Release|Any CPU
	EndGlobalSection
EndGlobal
